
Microsoft Visual Studio Solution File, Format Version 12.00
# Visual Studio Version 16
VisualStudioVersion = 16.0.30907.101
MinimumVisualStudioVersion = 10.0.40219.1
Project("{FAE04EC0-301F-11D3-BF4B-00C04F79EFBC}") = "IL2CPP-Offsets-Dumper", "IL2CPP-Offsets-Dumper\IL2CPP-Offsets-Dumper.csproj", "{9B19A689-41FC-43FB-890F-2C752566F3BD}"
EndProject
Global
	GlobalSection(SolutionConfigurationPlatforms) = preSolution
		Debug|Any CPU = Debug|Any CPU
		Release|Any CPU = Release|Any CPU
	EndGlobalSection
	GlobalSection(ProjectConfigurationPlatforms) = postSolution
		{9B19A689-41FC-43FB-890F-2C752566F3BD}.Debug|Any CPU.ActiveCfg = Debug|Any CPU
		{9B19A689-41FC-43FB-890F-2C752566F3BD}.Debug|Any CPU.Build.0 = Debug|Any CPU
		{9B19A689-41FC-43FB-890F-2C752566F3BD}.Release|Any CPU.ActiveCfg = Release|Any CPU
		{9B19A689-41FC-43FB-890F-2C752566F3BD}.Release|Any CPU.Build.0 = Release|Any CPU
	EndGlobalSection
	GlobalSection(SolutionProperties) = preSolution
		HideSolutionNode = FALSE
	EndGlobalSection
	GlobalSection(ExtensibilityGlobals) = postSolution
		SolutionGuid = {AC1109D9-329B-496F-BFEF-B484F9630D70}
	EndGlobalSection
EndGlobal
